
Microsoft Visual Studio Solution File, Format Version 12.00
# Visual Studio Version 16
VisualStudioVersion = 16.0.32602.291
MinimumVisualStudioVersion = 10.0.40219.1
Project("{8BC9CEB8-8B4A-11D0-8D11-00A0C91BC942}") = "CodeFinalizing", "CodeFinalizing\CodeFinalizing.vcxproj", "{EE36A686-72DA-4499-8C0D-04C627D05F27}"
EndProject
Global
	GlobalSection(SolutionConfigurationPlatforms) = preSolution
		Debug|x64 = Debug|x64
		Debug|x86 = Debug|x86
		Release|x64 = Release|x64
		Release|x86 = Release|x86
	EndGlobalSection
	GlobalSection(ProjectConfigurationPlatforms) = postSolution
		{EE36A686-72DA-4499-8C0D-04C627D05F27}.Debug|x64.ActiveCfg = Debug|x64
		{EE36A686-72DA-4499-8C0D-04C627D05F27}.Debug|x64.Build.0 = Debug|x64
		{EE36A686-72DA-4499-8C0D-04C627D05F27}.Debug|x86.ActiveCfg = Debug|Win32
		{EE36A686-72DA-4499-8C0D-04C627D05F27}.Debug|x86.Build.0 = Debug|Win32
		{EE36A686-72DA-4499-8C0D-04C627D05F27}.Release|x64.ActiveCfg = Release|x64
		{EE36A686-72DA-4499-8C0D-04C627D05F27}.Release|x64.Build.0 = Release|x64
		{EE36A686-72DA-4499-8C0D-04C627D05F27}.Release|x86.ActiveCfg = Release|Win32
		{EE36A686-72DA-4499-8C0D-04C627D05F27}.Release|x86.Build.0 = Release|Win32
	EndGlobalSection
	GlobalSection(SolutionProperties) = preSolution
		HideSolutionNode = FALSE
	EndGlobalSection
	GlobalSection(ExtensibilityGlobals) = postSolution
		SolutionGuid = {6E06A729-FF40-410A-9112-8214081003D1}
	EndGlobalSection
EndGlobal
